
Microsoft Visual Studio Solution File, Format Version 12.00
# Visual Studio Version 17
VisualStudioVersion = 17.14.36408.4 d17.14
MinimumVisualStudioVersion = 10.0.40219.1
Project("{FAE04EC0-301F-11D3-BF4B-00C04F79EFBC}") = "PG02_PROYECTO_EVENTOS_C#", "PG02_PROYECTO_EVENTOS_C#\PG02_PROYECTO_EVENTOS_C#.csproj", "{62D8AFF1-C8C6-4094-90CF-308E9A059F15}"
EndProject
Project("{FAE04EC0-301F-11D3-BF4B-00C04F79EFBC}") = "CapaEntidad", "PG02_PROYECTO_EVENTOS_C#\CapaEntidad\CapaEntidad.csproj", "{ADCA321A-FF87-4A08-A487-0ECE145CDEAC}"
EndProject
Project("{FAE04EC0-301F-11D3-BF4B-00C04F79EFBC}") = "CapaDatos", "PG02_PROYECTO_EVENTOS_C#\CapaDatos\CapaDatos.csproj", "{636119F5-FBD3-4A92-B6AD-5084B6E49E97}"
EndProject
Project("{FAE04EC0-301F-11D3-BF4B-00C04F79EFBC}") = "CapaNegocios", "PG02_PROYECTO_EVENTOS_C#\CapaNegocios\CapaNegocios.csproj", "{C1930B65-C209-42F3-A2F8-D6FDCAB5AC24}"
EndProject
Global
	GlobalSection(SolutionConfigurationPlatforms) = preSolution
		Debug|Any CPU = Debug|Any CPU
		Release|Any CPU = Release|Any CPU
	EndGlobalSection
	GlobalSection(ProjectConfigurationPlatforms) = postSolution
		{62D8AFF1-C8C6-4094-90CF-308E9A059F15}.Debug|Any CPU.ActiveCfg = Debug|Any CPU
		{62D8AFF1-C8C6-4094-90CF-308E9A059F15}.Debug|Any CPU.Build.0 = Debug|Any CPU
		{62D8AFF1-C8C6-4094-90CF-308E9A059F15}.Release|Any CPU.ActiveCfg = Release|Any CPU
		{62D8AFF1-C8C6-4094-90CF-308E9A059F15}.Release|Any CPU.Build.0 = Release|Any CPU
		{ADCA321A-FF87-4A08-A487-0ECE145CDEAC}.Debug|Any CPU.ActiveCfg = Debug|Any CPU
		{ADCA321A-FF87-4A08-A487-0ECE145CDEAC}.Debug|Any CPU.Build.0 = Debug|Any CPU
		{ADCA321A-FF87-4A08-A487-0ECE145CDEAC}.Release|Any CPU.ActiveCfg = Release|Any CPU
		{ADCA321A-FF87-4A08-A487-0ECE145CDEAC}.Release|Any CPU.Build.0 = Release|Any CPU
		{636119F5-FBD3-4A92-B6AD-5084B6E49E97}.Debug|Any CPU.ActiveCfg = Debug|Any CPU
		{636119F5-FBD3-4A92-B6AD-5084B6E49E97}.Debug|Any CPU.Build.0 = Debug|Any CPU
		{636119F5-FBD3-4A92-B6AD-5084B6E49E97}.Release|Any CPU.ActiveCfg = Release|Any CPU
		{636119F5-FBD3-4A92-B6AD-5084B6E49E97}.Release|Any CPU.Build.0 = Release|Any CPU
		{C1930B65-C209-42F3-A2F8-D6FDCAB5AC24}.Debug|Any CPU.ActiveCfg = Debug|Any CPU
		{C1930B65-C209-42F3-A2F8-D6FDCAB5AC24}.Debug|Any CPU.Build.0 = Debug|Any CPU
		{C1930B65-C209-42F3-A2F8-D6FDCAB5AC24}.Release|Any CPU.ActiveCfg = Release|Any CPU
		{C1930B65-C209-42F3-A2F8-D6FDCAB5AC24}.Release|Any CPU.Build.0 = Release|Any CPU
	EndGlobalSection
	GlobalSection(SolutionProperties) = preSolution
		HideSolutionNode = FALSE
	EndGlobalSection
	GlobalSection(ExtensibilityGlobals) = postSolution
		SolutionGuid = {5F3B038A-AAAD-4354-86D4-77E6399CD29C}
	EndGlobalSection
EndGlobal
