
Microsoft Visual Studio Solution File, Format Version 12.00
# Visual Studio Version 17
VisualStudioVersion = 17.14.36518.9 d17.14
MinimumVisualStudioVersion = 10.0.40219.1
Project("{FAE04EC0-301F-11D3-BF4B-00C04F79EFBC}") = "PG02_PROYECTO_UNIDAD3_EVENTOS", "PG02_PROYECTO_UNIDAD3_EVENTOS\PG02_PROYECTO_UNIDAD3_EVENTOS.csproj", "{2964B51E-114F-4534-9795-D67340A3DAEC}"
EndProject
Global
	GlobalSection(SolutionConfigurationPlatforms) = preSolution
		Debug|Any CPU = Debug|Any CPU
		Release|Any CPU = Release|Any CPU
	EndGlobalSection
	GlobalSection(ProjectConfigurationPlatforms) = postSolution
		{2964B51E-114F-4534-9795-D67340A3DAEC}.Debug|Any CPU.ActiveCfg = Debug|Any CPU
		{2964B51E-114F-4534-9795-D67340A3DAEC}.Debug|Any CPU.Build.0 = Debug|Any CPU
		{2964B51E-114F-4534-9795-D67340A3DAEC}.Release|Any CPU.ActiveCfg = Release|Any CPU
		{2964B51E-114F-4534-9795-D67340A3DAEC}.Release|Any CPU.Build.0 = Release|Any CPU
	EndGlobalSection
	GlobalSection(SolutionProperties) = preSolution
		HideSolutionNode = FALSE
	EndGlobalSection
	GlobalSection(ExtensibilityGlobals) = postSolution
		SolutionGuid = {2E526C6A-EF63-4429-B464-745E694C228D}
	EndGlobalSection
EndGlobal
